// !$*UTF8*$!
{
	archiveVersion = 1;
	classes = {
	};
	objectVersion = 56;
	objects = {

/* Begin PBXBuildFile section */
		881A4A022B9A2836000D760A /* YoutubeSearchResponse.swift in Sources */ = {isa = PBXBuildFile; fileRef = 881A4A012B9A2836000D760A /* YoutubeSearchResponse.swift */; };
		881A4A062B9A2DF5000D760A /* TitlePreviewVC.swift in Sources */ = {isa = PBXBuildFile; fileRef = 881A4A052B9A2DF5000D760A /* TitlePreviewVC.swift */; };
		883699762B94ED96001390F6 /* HeroHeaderUIView.swift in Sources */ = {isa = PBXBuildFile; fileRef = 883699752B94ED96001390F6 /* HeroHeaderUIView.swift */; };
		8836D1892B95EA9800B5440A /* APICaller.swift in Sources */ = {isa = PBXBuildFile; fileRef = 8836D1882B95EA9800B5440A /* APICaller.swift */; };
		8836D18B2B95EEA000B5440A /* Title.swift in Sources */ = {isa = PBXBuildFile; fileRef = 8836D18A2B95EEA000B5440A /* Title.swift */; };
		8836D18D2B95F35300B5440A /* Extensions.swift in Sources */ = {isa = PBXBuildFile; fileRef = 8836D18C2B95F35300B5440A /* Extensions.swift */; };
		8836D1912B95FA1200B5440A /* TitleCollectionViewCell.swift in Sources */ = {isa = PBXBuildFile; fileRef = 8836D1902B95FA1200B5440A /* TitleCollectionViewCell.swift */; };
		8836D1942B95FC0E00B5440A /* SDWebImage in Frameworks */ = {isa = PBXBuildFile; productRef = 8836D1932B95FC0E00B5440A /* SDWebImage */; };
		8836D1962B95FC0E00B5440A /* SDWebImageMapKit in Frameworks */ = {isa = PBXBuildFile; productRef = 8836D1952B95FC0E00B5440A /* SDWebImageMapKit */; };
		88478A242B97B906008382E2 /* TitleTableViewCell.swift in Sources */ = {isa = PBXBuildFile; fileRef = 88478A232B97B906008382E2 /* TitleTableViewCell.swift */; };
		88478A262B97BB8C008382E2 /* TitleViewModel.swift in Sources */ = {isa = PBXBuildFile; fileRef = 88478A252B97BB8C008382E2 /* TitleViewModel.swift */; };
		887CEDEF2B99124300DF4CD4 /* SearchResultsVC.swift in Sources */ = {isa = PBXBuildFile; fileRef = 887CEDEE2B99124300DF4CD4 /* SearchResultsVC.swift */; };
		889B5E9C2B93272E00DE96AD /* AppDelegate.swift in Sources */ = {isa = PBXBuildFile; fileRef = 889B5E9B2B93272E00DE96AD /* AppDelegate.swift */; };
		889B5E9E2B93272E00DE96AD /* SceneDelegate.swift in Sources */ = {isa = PBXBuildFile; fileRef = 889B5E9D2B93272E00DE96AD /* SceneDelegate.swift */; };
		889B5EA02B93272E00DE96AD /* MainTabBarVC.swift in Sources */ = {isa = PBXBuildFile; fileRef = 889B5E9F2B93272E00DE96AD /* MainTabBarVC.swift */; };
		889B5EA52B93273000DE96AD /* Assets.xcassets in Resources */ = {isa = PBXBuildFile; fileRef = 889B5EA42B93273000DE96AD /* Assets.xcassets */; };
		889B5EA82B93273000DE96AD /* LaunchScreen.storyboard in Resources */ = {isa = PBXBuildFile; fileRef = 889B5EA62B93273000DE96AD /* LaunchScreen.storyboard */; };
		889B5EB12B932E5100DE96AD /* HomeVC.swift in Sources */ = {isa = PBXBuildFile; fileRef = 889B5EB02B932E5100DE96AD /* HomeVC.swift */; };
		889B5EB32B932E7B00DE96AD /* UpcomingVC.swift in Sources */ = {isa = PBXBuildFile; fileRef = 889B5EB22B932E7B00DE96AD /* UpcomingVC.swift */; };
		889B5EB52B932E9700DE96AD /* SearchVC.swift in Sources */ = {isa = PBXBuildFile; fileRef = 889B5EB42B932E9700DE96AD /* SearchVC.swift */; };
		889B5EB72B932EB300DE96AD /* DownloadsVC.swift in Sources */ = {isa = PBXBuildFile; fileRef = 889B5EB62B932EB300DE96AD /* DownloadsVC.swift */; };
		889B5EBE2B93340100DE96AD /* CollectionViewTableViewCell.swift in Sources */ = {isa = PBXBuildFile; fileRef = 889B5EBD2B93340100DE96AD /* CollectionViewTableViewCell.swift */; };
/* End PBXBuildFile section */

/* Begin PBXFileReference section */
		881A4A012B9A2836000D760A /* YoutubeSearchResponse.swift */ = {isa = PBXFileReference; lastKnownFileType = sourcecode.swift; path = YoutubeSearchResponse.swift; sourceTree = "<group>"; };
		881A4A052B9A2DF5000D760A /* TitlePreviewVC.swift */ = {isa = PBXFileReference; lastKnownFileType = sourcecode.swift; path = TitlePreviewVC.swift; sourceTree = "<group>"; };
		883699752B94ED96001390F6 /* HeroHeaderUIView.swift */ = {isa = PBXFileReference; lastKnownFileType = sourcecode.swift; path = HeroHeaderUIView.swift; sourceTree = "<group>"; };
		8836D1882B95EA9800B5440A /* APICaller.swift */ = {isa = PBXFileReference; lastKnownFileType = sourcecode.swift; path = APICaller.swift; sourceTree = "<group>"; };
		8836D18A2B95EEA000B5440A /* Title.swift */ = {isa = PBXFileReference; lastKnownFileType = sourcecode.swift; path = Title.swift; sourceTree = "<group>"; };
		8836D18C2B95F35300B5440A /* Extensions.swift */ = {isa = PBXFileReference; lastKnownFileType = sourcecode.swift; path = Extensions.swift; sourceTree = "<group>"; };
		8836D1902B95FA1200B5440A /* TitleCollectionViewCell.swift */ = {isa = PBXFileReference; lastKnownFileType = sourcecode.swift; path = TitleCollectionViewCell.swift; sourceTree = "<group>"; };
		88478A232B97B906008382E2 /* TitleTableViewCell.swift */ = {isa = PBXFileReference; lastKnownFileType = sourcecode.swift; path = TitleTableViewCell.swift; sourceTree = "<group>"; };
		88478A252B97BB8C008382E2 /* TitleViewModel.swift */ = {isa = PBXFileReference; lastKnownFileType = sourcecode.swift; path = TitleViewModel.swift; sourceTree = "<group>"; };
		887CEDEE2B99124300DF4CD4 /* SearchResultsVC.swift */ = {isa = PBXFileReference; lastKnownFileType = sourcecode.swift; path = SearchResultsVC.swift; sourceTree = "<group>"; };
		889B5E982B93272E00DE96AD /* Movio.app */ = {isa = PBXFileReference; explicitFileType = wrapper.application; includeInIndex = 0; path = Movio.app; sourceTree = BUILT_PRODUCTS_DIR; };
		889B5E9B2B93272E00DE96AD /* AppDelegate.swift */ = {isa = PBXFileReference; lastKnownFileType = sourcecode.swift; path = AppDelegate.swift; sourceTree = "<group>"; };
		889B5E9D2B93272E00DE96AD /* SceneDelegate.swift */ = {isa = PBXFileReference; lastKnownFileType = sourcecode.swift; path = SceneDelegate.swift; sourceTree = "<group>"; };
		889B5E9F2B93272E00DE96AD /* MainTabBarVC.swift */ = {isa = PBXFileReference; lastKnownFileType = sourcecode.swift; path = MainTabBarVC.swift; sourceTree = "<group>"; };
		889B5EA42B93273000DE96AD /* Assets.xcassets */ = {isa = PBXFileReference; lastKnownFileType = folder.assetcatalog; path = Assets.xcassets; sourceTree = "<group>"; };
		889B5EA72B93273000DE96AD /* Base */ = {isa = PBXFileReference; lastKnownFileType = file.storyboard; name = Base; path = Base.lproj/LaunchScreen.storyboard; sourceTree = "<group>"; };
		889B5EA92B93273000DE96AD /* Info.plist */ = {isa = PBXFileReference; lastKnownFileType = text.plist.xml; path = Info.plist; sourceTree = "<group>"; };
		889B5EB02B932E5100DE96AD /* HomeVC.swift */ = {isa = PBXFileReference; lastKnownFileType = sourcecode.swift; path = HomeVC.swift; sourceTree = "<group>"; };
		889B5EB22B932E7B00DE96AD /* UpcomingVC.swift */ = {isa = PBXFileReference; lastKnownFileType = sourcecode.swift; path = UpcomingVC.swift; sourceTree = "<group>"; };
		889B5EB42B932E9700DE96AD /* SearchVC.swift */ = {isa = PBXFileReference; lastKnownFileType = sourcecode.swift; path = SearchVC.swift; sourceTree = "<group>"; };
		889B5EB62B932EB300DE96AD /* DownloadsVC.swift */ = {isa = PBXFileReference; lastKnownFileType = sourcecode.swift; path = DownloadsVC.swift; sourceTree = "<group>"; };
		889B5EBD2B93340100DE96AD /* CollectionViewTableViewCell.swift */ = {isa = PBXFileReference; lastKnownFileType = sourcecode.swift; path = CollectionViewTableViewCell.swift; sourceTree = "<group>"; };
/* End PBXFileReference section */

/* Begin PBXFrameworksBuildPhase section */
		889B5E952B93272E00DE96AD /* Frameworks */ = {
			isa = PBXFrameworksBuildPhase;
			buildActionMask = 2147483647;
			files = (
				8836D1962B95FC0E00B5440A /* SDWebImageMapKit in Frameworks */,
				8836D1942B95FC0E00B5440A /* SDWebImage in Frameworks */,
			);
			runOnlyForDeploymentPostprocessing = 0;
		};
/* End PBXFrameworksBuildPhase section */

/* Begin PBXGroup section */
		887CEDF02B99127700DF4CD4 /* Core */ = {
			isa = PBXGroup;
			children = (
				889B5EB02B932E5100DE96AD /* HomeVC.swift */,
				889B5EB22B932E7B00DE96AD /* UpcomingVC.swift */,
				889B5EB42B932E9700DE96AD /* SearchVC.swift */,
				889B5EB62B932EB300DE96AD /* DownloadsVC.swift */,
			);
			path = Core;
			sourceTree = "<group>";
		};
		887CEDF12B99128500DF4CD4 /* General */ = {
			isa = PBXGroup;
			children = (
				887CEDEE2B99124300DF4CD4 /* SearchResultsVC.swift */,
				881A4A052B9A2DF5000D760A /* TitlePreviewVC.swift */,
			);
			path = General;
			sourceTree = "<group>";
		};
		889B5E8F2B93272E00DE96AD = {
			isa = PBXGroup;
			children = (
				889B5E9A2B93272E00DE96AD /* Movio */,
				889B5E992B93272E00DE96AD /* Products */,
			);
			sourceTree = "<group>";
		};
		889B5E992B93272E00DE96AD /* Products */ = {
			isa = PBXGroup;
			children = (
				889B5E982B93272E00DE96AD /* Movio.app */,
			);
			name = Products;
			sourceTree = "<group>";
		};
		889B5E9A2B93272E00DE96AD /* Movio */ = {
			isa = PBXGroup;
			children = (
				889B5EBC2B9333BD00DE96AD /* Managers */,
				889B5EBB2B9333B500DE96AD /* Resources */,
				889B5EBA2B93339300DE96AD /* Models */,
				889B5EB82B93338200DE96AD /* Views */,
				889B5EB92B93338A00DE96AD /* ViewModels */,
				889B5EAF2B932E1300DE96AD /* Controllers */,
				889B5E9B2B93272E00DE96AD /* AppDelegate.swift */,
				889B5E9D2B93272E00DE96AD /* SceneDelegate.swift */,
				889B5E9F2B93272E00DE96AD /* MainTabBarVC.swift */,
				889B5EA42B93273000DE96AD /* Assets.xcassets */,
				889B5EA62B93273000DE96AD /* LaunchScreen.storyboard */,
				889B5EA92B93273000DE96AD /* Info.plist */,
			);
			path = Movio;
			sourceTree = "<group>";
		};
		889B5EAF2B932E1300DE96AD /* Controllers */ = {
			isa = PBXGroup;
			children = (
				887CEDF12B99128500DF4CD4 /* General */,
				887CEDF02B99127700DF4CD4 /* Core */,
			);
			path = Controllers;
			sourceTree = "<group>";
		};
		889B5EB82B93338200DE96AD /* Views */ = {
			isa = PBXGroup;
			children = (
				889B5EBD2B93340100DE96AD /* CollectionViewTableViewCell.swift */,
				883699752B94ED96001390F6 /* HeroHeaderUIView.swift */,
				8836D1902B95FA1200B5440A /* TitleCollectionViewCell.swift */,
				88478A232B97B906008382E2 /* TitleTableViewCell.swift */,
			);
			path = Views;
			sourceTree = "<group>";
		};
		889B5EB92B93338A00DE96AD /* ViewModels */ = {
			isa = PBXGroup;
			children = (
				88478A252B97BB8C008382E2 /* TitleViewModel.swift */,
			);
			path = ViewModels;
			sourceTree = "<group>";
		};
		889B5EBA2B93339300DE96AD /* Models */ = {
			isa = PBXGroup;
			children = (
				8836D18A2B95EEA000B5440A /* Title.swift */,
				881A4A012B9A2836000D760A /* YoutubeSearchResponse.swift */,
			);
			path = Models;
			sourceTree = "<group>";
		};
		889B5EBB2B9333B500DE96AD /* Resources */ = {
			isa = PBXGroup;
			children = (
				8836D18C2B95F35300B5440A /* Extensions.swift */,
			);
			path = Resources;
			sourceTree = "<group>";
		};
		889B5EBC2B9333BD00DE96AD /* Managers */ = {
			isa = PBXGroup;
			children = (
				8836D1882B95EA9800B5440A /* APICaller.swift */,
			);
			path = Managers;
			sourceTree = "<group>";
		};
/* End PBXGroup section */

/* Begin PBXNativeTarget section */
		889B5E972B93272E00DE96AD /* Movio */ = {
			isa = PBXNativeTarget;
			buildConfigurationList = 889B5EAC2B93273000DE96AD /* Build configuration list for PBXNativeTarget "Movio" */;
			buildPhases = (
				889B5E942B93272E00DE96AD /* Sources */,
				889B5E952B93272E00DE96AD /* Frameworks */,
				889B5E962B93272E00DE96AD /* Resources */,
			);
			buildRules = (
			);
			dependencies = (
			);
			name = Movio;
			packageProductDependencies = (
				8836D1932B95FC0E00B5440A /* SDWebImage */,
				8836D1952B95FC0E00B5440A /* SDWebImageMapKit */,
			);
			productName = Movio;
			productReference = 889B5E982B93272E00DE96AD /* Movio.app */;
			productType = "com.apple.product-type.application";
		};
/* End PBXNativeTarget section */

/* Begin PBXProject section */
		889B5E902B93272E00DE96AD /* Project object */ = {
			isa = PBXProject;
			attributes = {
				BuildIndependentTargetsInParallel = 1;
				LastSwiftUpdateCheck = 1520;
				LastUpgradeCheck = 1520;
				TargetAttributes = {
					889B5E972B93272E00DE96AD = {
						CreatedOnToolsVersion = 15.2;
					};
				};
			};
			buildConfigurationList = 889B5E932B93272E00DE96AD /* Build configuration list for PBXProject "Movio" */;
			compatibilityVersion = "Xcode 14.0";
			developmentRegion = en;
			hasScannedForEncodings = 0;
			knownRegions = (
				en,
				Base,
			);
			mainGroup = 889B5E8F2B93272E00DE96AD;
			packageReferences = (
				8836D1922B95FC0E00B5440A /* XCRemoteSwiftPackageReference "SDWebImage" */,
			);
			productRefGroup = 889B5E992B93272E00DE96AD /* Products */;
			projectDirPath = "";
			projectRoot = "";
			targets = (
				889B5E972B93272E00DE96AD /* Movio */,
			);
		};
/* End PBXProject section */

/* Begin PBXResourcesBuildPhase section */
		889B5E962B93272E00DE96AD /* Resources */ = {
			isa = PBXResourcesBuildPhase;
			buildActionMask = 2147483647;
			files = (
				889B5EA82B93273000DE96AD /* LaunchScreen.storyboard in Resources */,
				889B5EA52B93273000DE96AD /* Assets.xcassets in Resources */,
			);
			runOnlyForDeploymentPostprocessing = 0;
		};
/* End PBXResourcesBuildPhase section */

/* Begin PBXSourcesBuildPhase section */
		889B5E942B93272E00DE96AD /* Sources */ = {
			isa = PBXSourcesBuildPhase;
			buildActionMask = 2147483647;
			files = (
				88478A242B97B906008382E2 /* TitleTableViewCell.swift in Sources */,
				887CEDEF2B99124300DF4CD4 /* SearchResultsVC.swift in Sources */,
				889B5EB52B932E9700DE96AD /* SearchVC.swift in Sources */,
				8836D1912B95FA1200B5440A /* TitleCollectionViewCell.swift in Sources */,
				889B5EA02B93272E00DE96AD /* MainTabBarVC.swift in Sources */,
				889B5EBE2B93340100DE96AD /* CollectionViewTableViewCell.swift in Sources */,
				8836D1892B95EA9800B5440A /* APICaller.swift in Sources */,
				883699762B94ED96001390F6 /* HeroHeaderUIView.swift in Sources */,
				889B5EB12B932E5100DE96AD /* HomeVC.swift in Sources */,
				889B5E9C2B93272E00DE96AD /* AppDelegate.swift in Sources */,
				8836D18D2B95F35300B5440A /* Extensions.swift in Sources */,
				881A4A022B9A2836000D760A /* YoutubeSearchResponse.swift in Sources */,
				881A4A062B9A2DF5000D760A /* TitlePreviewVC.swift in Sources */,
				889B5EB72B932EB300DE96AD /* DownloadsVC.swift in Sources */,
				889B5EB32B932E7B00DE96AD /* UpcomingVC.swift in Sources */,
				8836D18B2B95EEA000B5440A /* Title.swift in Sources */,
				889B5E9E2B93272E00DE96AD /* SceneDelegate.swift in Sources */,
				88478A262B97BB8C008382E2 /* TitleViewModel.swift in Sources */,
			);
			runOnlyForDeploymentPostprocessing = 0;
		};
/* End PBXSourcesBuildPhase section */

/* Begin PBXVariantGroup section */
		889B5EA62B93273000DE96AD /* LaunchScreen.storyboard */ = {
			isa = PBXVariantGroup;
			children = (
				889B5EA72B93273000DE96AD /* Base */,
			);
			name = LaunchScreen.storyboard;
			sourceTree = "<group>";
		};
/* End PBXVariantGroup section */

/* Begin XCBuildConfiguration section */
		889B5EAA2B93273000DE96AD /* Debug */ = {
			isa = XCBuildConfiguration;
			buildSettings = {
				ALWAYS_SEARCH_USER_PATHS = NO;
				ASSETCATALOG_COMPILER_GENERATE_SWIFT_ASSET_SYMBOL_EXTENSIONS = YES;
				CLANG_ANALYZER_NONNULL = YES;
				CLANG_ANALYZER_NUMBER_OBJECT_CONVERSION = YES_AGGRESSIVE;
				CLANG_CXX_LANGUAGE_STANDARD = "gnu++20";
				CLANG_ENABLE_MODULES = YES;
				CLANG_ENABLE_OBJC_ARC = YES;
				CLANG_ENABLE_OBJC_WEAK = YES;
				CLANG_WARN_BLOCK_CAPTURE_AUTORELEASING = YES;
				CLANG_WARN_BOOL_CONVERSION = YES;
				CLANG_WARN_COMMA = YES;
				CLANG_WARN_CONSTANT_CONVERSION = YES;
				CLANG_WARN_DEPRECATED_OBJC_IMPLEMENTATIONS = YES;
				CLANG_WARN_DIRECT_OBJC_ISA_USAGE = YES_ERROR;
				CLANG_WARN_DOCUMENTATION_COMMENTS = YES;
				CLANG_WARN_EMPTY_BODY = YES;
				CLANG_WARN_ENUM_CONVERSION = YES;
				CLANG_WARN_INFINITE_RECURSION = YES;
				CLANG_WARN_INT_CONVERSION = YES;
				CLANG_WARN_NON_LITERAL_NULL_CONVERSION = YES;
				CLANG_WARN_OBJC_IMPLICIT_RETAIN_SELF = YES;
				CLANG_WARN_OBJC_LITERAL_CONVERSION = YES;
				CLANG_WARN_OBJC_ROOT_CLASS = YES_ERROR;
				CLANG_WARN_QUOTED_INCLUDE_IN_FRAMEWORK_HEADER = YES;
				CLANG_WARN_RANGE_LOOP_ANALYSIS = YES;
				CLANG_WARN_STRICT_PROTOTYPES = YES;
				CLANG_WARN_SUSPICIOUS_MOVE = YES;
				CLANG_WARN_UNGUARDED_AVAILABILITY = YES_AGGRESSIVE;
				CLANG_WARN_UNREACHABLE_CODE = YES;
				CLANG_WARN__DUPLICATE_METHOD_MATCH = YES;
				COPY_PHASE_STRIP = NO;
				DEBUG_INFORMATION_FORMAT = dwarf;
				ENABLE_STRICT_OBJC_MSGSEND = YES;
				ENABLE_TESTABILITY = YES;
				ENABLE_USER_SCRIPT_SANDBOXING = YES;
				GCC_C_LANGUAGE_STANDARD = gnu17;
				GCC_DYNAMIC_NO_PIC = NO;
				GCC_NO_COMMON_BLOCKS = YES;
				GCC_OPTIMIZATION_LEVEL = 0;
				GCC_PREPROCESSOR_DEFINITIONS = (
					"DEBUG=1",
					"$(inherited)",
				);
				GCC_WARN_64_TO_32_BIT_CONVERSION = YES;
				GCC_WARN_ABOUT_RETURN_TYPE = YES_ERROR;
				GCC_WARN_UNDECLARED_SELECTOR = YES;
				GCC_WARN_UNINITIALIZED_AUTOS = YES_AGGRESSIVE;
				GCC_WARN_UNUSED_FUNCTION = YES;
				GCC_WARN_UNUSED_VARIABLE = YES;
				IPHONEOS_DEPLOYMENT_TARGET = 17.2;
				LOCALIZATION_PREFERS_STRING_CATALOGS = YES;
				MTL_ENABLE_DEBUG_INFO = INCLUDE_SOURCE;
				MTL_FAST_MATH = YES;
				ONLY_ACTIVE_ARCH = YES;
				SDKROOT = iphoneos;
				SWIFT_ACTIVE_COMPILATION_CONDITIONS = "DEBUG $(inherited)";
				SWIFT_OPTIMIZATION_LEVEL = "-Onone";
			};
			name = Debug;
		};
		889B5EAB2B93273000DE96AD /* Release */ = {
			isa = XCBuildConfiguration;
			buildSettings = {
				ALWAYS_SEARCH_USER_PATHS = NO;
				ASSETCATALOG_COMPILER_GENERATE_SWIFT_ASSET_SYMBOL_EXTENSIONS = YES;
				CLANG_ANALYZER_NONNULL = YES;
				CLANG_ANALYZER_NUMBER_OBJECT_CONVERSION = YES_AGGRESSIVE;
				CLANG_CXX_LANGUAGE_STANDARD = "gnu++20";
				CLANG_ENABLE_MODULES = YES;
				CLANG_ENABLE_OBJC_ARC = YES;
				CLANG_ENABLE_OBJC_WEAK = YES;
				CLANG_WARN_BLOCK_CAPTURE_AUTORELEASING = YES;
				CLANG_WARN_BOOL_CONVERSION = YES;
				CLANG_WARN_COMMA = YES;
				CLANG_WARN_CONSTANT_CONVERSION = YES;
				CLANG_WARN_DEPRECATED_OBJC_IMPLEMENTATIONS = YES;
				CLANG_WARN_DIRECT_OBJC_ISA_USAGE = YES_ERROR;
				CLANG_WARN_DOCUMENTATION_COMMENTS = YES;
				CLANG_WARN_EMPTY_BODY = YES;
				CLANG_WARN_ENUM_CONVERSION = YES;
				CLANG_WARN_INFINITE_RECURSION = YES;
				CLANG_WARN_INT_CONVERSION = YES;
				CLANG_WARN_NON_LITERAL_NULL_CONVERSION = YES;
				CLANG_WARN_OBJC_IMPLICIT_RETAIN_SELF = YES;
				CLANG_WARN_OBJC_LITERAL_CONVERSION = YES;
				CLANG_WARN_OBJC_ROOT_CLASS = YES_ERROR;
				CLANG_WARN_QUOTED_INCLUDE_IN_FRAMEWORK_HEADER = YES;
				CLANG_WARN_RANGE_LOOP_ANALYSIS = YES;
				CLANG_WARN_STRICT_PROTOTYPES = YES;
				CLANG_WARN_SUSPICIOUS_MOVE = YES;
				CLANG_WARN_UNGUARDED_AVAILABILITY = YES_AGGRESSIVE;
				CLANG_WARN_UNREACHABLE_CODE = YES;
				CLANG_WARN__DUPLICATE_METHOD_MATCH = YES;
				COPY_PHASE_STRIP = NO;
				DEBUG_INFORMATION_FORMAT = "dwarf-with-dsym";
				ENABLE_NS_ASSERTIONS = NO;
				ENABLE_STRICT_OBJC_MSGSEND = YES;
				ENABLE_USER_SCRIPT_SANDBOXING = YES;
				GCC_C_LANGUAGE_STANDARD = gnu17;
				GCC_NO_COMMON_BLOCKS = YES;
				GCC_WARN_64_TO_32_BIT_CONVERSION = YES;
				GCC_WARN_ABOUT_RETURN_TYPE = YES_ERROR;
				GCC_WARN_UNDECLARED_SELECTOR = YES;
				GCC_WARN_UNINITIALIZED_AUTOS = YES_AGGRESSIVE;
				GCC_WARN_UNUSED_FUNCTION = YES;
				GCC_WARN_UNUSED_VARIABLE = YES;
				IPHONEOS_DEPLOYMENT_TARGET = 17.2;
				LOCALIZATION_PREFERS_STRING_CATALOGS = YES;
				MTL_ENABLE_DEBUG_INFO = NO;
				MTL_FAST_MATH = YES;
				SDKROOT = iphoneos;
				SWIFT_COMPILATION_MODE = wholemodule;
				VALIDATE_PRODUCT = YES;
			};
			name = Release;
		};
		889B5EAD2B93273000DE96AD /* Debug */ = {
			isa = XCBuildConfiguration;
			buildSettings = {
				ASSETCATALOG_COMPILER_APPICON_NAME = AppIcon;
				ASSETCATALOG_COMPILER_GLOBAL_ACCENT_COLOR_NAME = AccentColor;
				CODE_SIGN_STYLE = Automatic;
				CURRENT_PROJECT_VERSION = 1;
				DEVELOPMENT_TEAM = 2T4Q64JUFN;
				GENERATE_INFOPLIST_FILE = YES;
				INFOPLIST_FILE = Movio/Info.plist;
				INFOPLIST_KEY_UIApplicationSupportsIndirectInputEvents = YES;
				INFOPLIST_KEY_UILaunchStoryboardName = LaunchScreen;
				INFOPLIST_KEY_UISupportedInterfaceOrientations_iPad = "UIInterfaceOrientationPortrait UIInterfaceOrientationPortraitUpsideDown UIInterfaceOrientationLandscapeLeft UIInterfaceOrientationLandscapeRight";
				INFOPLIST_KEY_UISupportedInterfaceOrientations_iPhone = "UIInterfaceOrientationPortrait UIInterfaceOrientationLandscapeLeft UIInterfaceOrientationLandscapeRight";
				LD_RUNPATH_SEARCH_PATHS = (
					"$(inherited)",
					"@executable_path/Frameworks",
				);
				MARKETING_VERSION = 1.0;
				PRODUCT_BUNDLE_IDENTIFIER = com.patrick.Movio;
				PRODUCT_NAME = "$(TARGET_NAME)";
				SWIFT_EMIT_LOC_STRINGS = YES;
				SWIFT_VERSION = 5.0;
				TARGETED_DEVICE_FAMILY = "1,2";
			};
			name = Debug;
		};
		889B5EAE2B93273000DE96AD /* Release */ = {
			isa = XCBuildConfiguration;
			buildSettings = {
				ASSETCATALOG_COMPILER_APPICON_NAME = AppIcon;
				ASSETCATALOG_COMPILER_GLOBAL_ACCENT_COLOR_NAME = AccentColor;
				CODE_SIGN_STYLE = Automatic;
				CURRENT_PROJECT_VERSION = 1;
				DEVELOPMENT_TEAM = 2T4Q64JUFN;
				GENERATE_INFOPLIST_FILE = YES;
				INFOPLIST_FILE = Movio/Info.plist;
				INFOPLIST_KEY_UIApplicationSupportsIndirectInputEvents = YES;
				INFOPLIST_KEY_UILaunchStoryboardName = LaunchScreen;
				INFOPLIST_KEY_UISupportedInterfaceOrientations_iPad = "UIInterfaceOrientationPortrait UIInterfaceOrientationPortraitUpsideDown UIInterfaceOrientationLandscapeLeft UIInterfaceOrientationLandscapeRight";
				INFOPLIST_KEY_UISupportedInterfaceOrientations_iPhone = "UIInterfaceOrientationPortrait UIInterfaceOrientationLandscapeLeft UIInterfaceOrientationLandscapeRight";
				LD_RUNPATH_SEARCH_PATHS = (
					"$(inherited)",
					"@executable_path/Frameworks",
				);
				MARKETING_VERSION = 1.0;
				PRODUCT_BUNDLE_IDENTIFIER = com.patrick.Movio;
				PRODUCT_NAME = "$(TARGET_NAME)";
				SWIFT_EMIT_LOC_STRINGS = YES;
				SWIFT_VERSION = 5.0;
				TARGETED_DEVICE_FAMILY = "1,2";
			};
			name = Release;
		};
/* End XCBuildConfiguration section */

/* Begin XCConfigurationList section */
		889B5E932B93272E00DE96AD /* Build configuration list for PBXProject "Movio" */ = {
			isa = XCConfigurationList;
			buildConfigurations = (
				889B5EAA2B93273000DE96AD /* Debug */,
				889B5EAB2B93273000DE96AD /* Release */,
			);
			defaultConfigurationIsVisible = 0;
			defaultConfigurationName = Release;
		};
		889B5EAC2B93273000DE96AD /* Build configuration list for PBXNativeTarget "Movio" */ = {
			isa = XCConfigurationList;
			buildConfigurations = (
				889B5EAD2B93273000DE96AD /* Debug */,
				889B5EAE2B93273000DE96AD /* Release */,
			);
			defaultConfigurationIsVisible = 0;
			defaultConfigurationName = Release;
		};
/* End XCConfigurationList section */

/* Begin XCRemoteSwiftPackageReference section */
		8836D1922B95FC0E00B5440A /* XCRemoteSwiftPackageReference "SDWebImage" */ = {
			isa = XCRemoteSwiftPackageReference;
			repositoryURL = "https://github.com/SDWebImage/SDWebImage.git";
			requirement = {
				kind = upToNextMajorVersion;
				minimumVersion = 5.19.0;
			};
		};
/* End XCRemoteSwiftPackageReference section */

/* Begin XCSwiftPackageProductDependency section */
		8836D1932B95FC0E00B5440A /* SDWebImage */ = {
			isa = XCSwiftPackageProductDependency;
			package = 8836D1922B95FC0E00B5440A /* XCRemoteSwiftPackageReference "SDWebImage" */;
			productName = SDWebImage;
		};
		8836D1952B95FC0E00B5440A /* SDWebImageMapKit */ = {
			isa = XCSwiftPackageProductDependency;
			package = 8836D1922B95FC0E00B5440A /* XCRemoteSwiftPackageReference "SDWebImage" */;
			productName = SDWebImageMapKit;
		};
/* End XCSwiftPackageProductDependency section */
	};
	rootObject = 889B5E902B93272E00DE96AD /* Project object */;
}
